
Microsoft Visual Studio Solution File, Format Version 12.00
# Visual Studio Version 16
VisualStudioVersion = 16.0.30907.101
MinimumVisualStudioVersion = 10.0.40219.1
Project("{FAE04EC0-301F-11D3-BF4B-00C04F79EFBC}") = "Sari", "Sari\Sari.csproj", "{B4DE6ADD-0E54-4C01-884C-A7DCBBA2B020}"
EndProject
Global
	GlobalSection(SolutionConfigurationPlatforms) = preSolution
		Debug|Any CPU = Debug|Any CPU
		Release|Any CPU = Release|Any CPU
	EndGlobalSection
	GlobalSection(ProjectConfigurationPlatforms) = postSolution
		{B4DE6ADD-0E54-4C01-884C-A7DCBBA2B020}.Debug|Any CPU.ActiveCfg = Debug|Any CPU
		{B4DE6ADD-0E54-4C01-884C-A7DCBBA2B020}.Debug|Any CPU.Build.0 = Debug|Any CPU
		{B4DE6ADD-0E54-4C01-884C-A7DCBBA2B020}.Release|Any CPU.ActiveCfg = Release|Any CPU
		{B4DE6ADD-0E54-4C01-884C-A7DCBBA2B020}.Release|Any CPU.Build.0 = Release|Any CPU
	EndGlobalSection
	GlobalSection(SolutionProperties) = preSolution
		HideSolutionNode = FALSE
	EndGlobalSection
	GlobalSection(ExtensibilityGlobals) = postSolution
		SolutionGuid = {E935EB30-D7F4-4766-B763-BFAABD68BDB5}
	EndGlobalSection
EndGlobal
